{
    "clue/stream-filter": {
        "version": "v1.5.0"
    },
    "guzzlehttp/guzzle": {
        "version": "7.4.1"
    },
    "guzzlehttp/promises": {
        "version": "1.5.1"
    },
    "guzzlehttp/psr7": {
        "version": "2.1.0"
    },
    "http-interop/http-factory-guzzle": {
        "version": "1.2.0"
    },
    "knplabs/github-api": {
        "version": "3.4",
        "recipe": {
            "repo": "github.com/symfony/recipes-contrib",
            "branch": "master",
            "version": "2.6",
            "ref": "a7d5781e4a8e84f1c238c43e4c9bb806f01d8a3f"
        },
        "files": [
            "config/packages/github_api.yaml"
        ]
    },
    "league/oauth2-client": {
        "version": "2.6.1"
    },
    "league/oauth2-github": {
        "version": "1.0.x-dev"
    },
    "paragonie/random_compat": {
        "version": "v9.99.100"
    },
    "php-http/cache-plugin": {
        "version": "1.7.4"
    },
    "php-http/client-common": {
        "version": "2.5.0"
    },
    "php-http/discovery": {
        "version": "1.14.1"
    },
    "php-http/httplug": {
        "version": "2.2.0"
    },
    "php-http/message": {
        "version": "1.12.0"
    },
    "php-http/message-factory": {
        "version": "v1.0.2"
    },
    "php-http/multipart-stream-builder": {
        "version": "1.2.0"
    },
    "php-http/promise": {
        "version": "1.1.0"
    },
    "psr/cache": {
        "version": "2.0.0"
    },
    "psr/container": {
        "version": "2.0.x-dev"
    },
    "psr/event-dispatcher": {
        "version": "1.0.x-dev"
    },
    "psr/http-client": {
        "version": "1.0.1"
    },
    "psr/http-factory": {
        "version": "1.0.1"
    },
    "psr/http-message": {
        "version": "1.0.1"
    },
    "psr/log": {
        "version": "3.x-dev"
    },
    "ralouphie/getallheaders": {
        "version": "3.0.3"
    },
    "roave/security-advisories": {
        "version": "dev-latest"
    },
    "symfony/cache": {
        "version": "6.1.x-dev"
    },
    "symfony/cache-contracts": {
        "version": "2.5.x-dev"
    },
    "symfony/config": {
        "version": "6.1.x-dev"
    },
    "symfony/console": {
        "version": "6.1",
        "recipe": {
            "repo": "github.com/symfony/recipes",
            "branch": "master",
            "version": "5.3",
            "ref": "da0c8be8157600ad34f10ff0c9cc91232522e047"
        },
        "files": [
            "bin/console"
        ]
    },
    "symfony/dependency-injection": {
        "version": "6.1.x-dev"
    },
    "symfony/deprecation-contracts": {
        "version": "v2.5.0"
    },
    "symfony/dotenv": {
        "version": "6.1.x-dev"
    },
    "symfony/error-handler": {
        "version": "6.1.x-dev"
    },
    "symfony/event-dispatcher": {
        "version": "6.1.x-dev"
    },
    "symfony/event-dispatcher-contracts": {
        "version": "3.1-dev"
    },
    "symfony/filesystem": {
        "version": "6.1.x-dev"
    },
    "symfony/finder": {
        "version": "6.1.x-dev"
    },
    "symfony/flex": {
        "version": "1.17",
        "recipe": {
            "repo": "github.com/symfony/recipes",
            "branch": "master",
            "version": "1.0",
            "ref": "c0eeb50665f0f77226616b6038a9b06c03752d8e"
        },
        "files": [
            ".env"
        ]
    },
    "symfony/framework-bundle": {
        "version": "6.1",
        "recipe": {
            "repo": "github.com/symfony/recipes",
            "branch": "master",
            "version": "5.4",
            "ref": "d4131812e20853626928e73d3effef44014944c0"
        },
        "files": [
            "config/packages/cache.yaml",
            "config/packages/framework.yaml",
            "config/preload.php",
            "config/routes/framework.yaml",
            "config/services.yaml",
            "public/index.php",
            "src/Controller/.gitignore",
            "src/Kernel.php"
        ]
    },
    "symfony/http-foundation": {
        "version": "6.1.x-dev"
    },
    "symfony/http-kernel": {
        "version": "6.1.x-dev"
    },
    "symfony/options-resolver": {
        "version": "v6.0.0"
    },
    "symfony/polyfill-ctype": {
        "version": "v1.24.0"
    },
    "symfony/polyfill-intl-grapheme": {
        "version": "v1.24.0"
    },
    "symfony/polyfill-intl-normalizer": {
        "version": "v1.24.0"
    },
    "symfony/polyfill-mbstring": {
        "version": "v1.24.0"
    },
    "symfony/polyfill-php80": {
        "version": "v1.24.0"
    },
    "symfony/polyfill-php81": {
        "version": "v1.24.0"
    },
    "symfony/property-access": {
        "version": "6.1.x-dev"
    },
    "symfony/property-info": {
        "version": "6.1.x-dev"
    },
    "symfony/routing": {
        "version": "6.1",
        "recipe": {
            "repo": "github.com/symfony/recipes",
            "branch": "master",
            "version": "6.0",
            "ref": "ab9ad892b7bba7ac584f6dc2ccdb659d358c63c5"
        },
        "files": [
            "config/packages/routing.yaml",
            "config/routes.yaml"
        ]
    },
    "symfony/service-contracts": {
        "version": "3.1-dev"
    },
    "symfony/string": {
        "version": "6.1.x-dev"
    },
    "symfony/translation-contracts": {
        "version": "3.1-dev"
    },
    "symfony/twig-bridge": {
        "version": "6.1.x-dev"
    },
    "symfony/twig-bundle": {
        "version": "6.1",
        "recipe": {
            "repo": "github.com/symfony/recipes",
            "branch": "master",
            "version": "5.4",
            "ref": "bffbb8f1a849736e64006735afae730cb428b6ff"
        },
        "files": [
            "config/packages/twig.yaml",
            "templates/base.html.twig"
        ]
    },
    "symfony/var-dumper": {
        "version": "6.1.x-dev"
    },
    "symfony/var-exporter": {
        "version": "6.1.x-dev"
    },
    "symfony/yaml": {
        "version": "6.1.x-dev"
    },
    "twig/twig": {
        "version": "3.x-dev"
    }
}
